
Microsoft Visual Studio Solution File, Format Version 12.00
# Visual Studio Version 17
VisualStudioVersion = 17.7.34202.233
MinimumVisualStudioVersion = 10.0.40219.1
Project("{FAE04EC0-301F-11D3-BF4B-00C04F79EFBC}") = "EmployeeManagement", "EmployeeManagement\EmployeeManagement.csproj", "{B2805C05-2107-498E-B827-69AB82A41501}"
EndProject
Global
	GlobalSection(SolutionConfigurationPlatforms) = preSolution
		Debug|Any CPU = Debug|Any CPU
		Release|Any CPU = Release|Any CPU
	EndGlobalSection
	GlobalSection(ProjectConfigurationPlatforms) = postSolution
		{B2805C05-2107-498E-B827-69AB82A41501}.Debug|Any CPU.ActiveCfg = Debug|Any CPU
		{B2805C05-2107-498E-B827-69AB82A41501}.Debug|Any CPU.Build.0 = Debug|Any CPU
		{B2805C05-2107-498E-B827-69AB82A41501}.Release|Any CPU.ActiveCfg = Release|Any CPU
		{B2805C05-2107-498E-B827-69AB82A41501}.Release|Any CPU.Build.0 = Release|Any CPU
	EndGlobalSection
	GlobalSection(SolutionProperties) = preSolution
		HideSolutionNode = FALSE
	EndGlobalSection
	GlobalSection(ExtensibilityGlobals) = postSolution
		SolutionGuid = {0FBC35B5-3E63-49E4-9F0F-00A18286BFB6}
	EndGlobalSection
EndGlobal
